
Microsoft Visual Studio Solution File, Format Version 12.00
# Visual Studio Version 16
VisualStudioVersion = 16.0.34931.43
MinimumVisualStudioVersion = 10.0.40219.1
Project("{FAE04EC0-301F-11D3-BF4B-00C04F79EFBC}") = "ClassLibrary", "ClassLibrary\ClassLibrary.csproj", "{4E4FDBA4-D52B-4F79-BC7A-C432D7DFD9CF}"
EndProject
Project("{FAE04EC0-301F-11D3-BF4B-00C04F79EFBC}") = "ClassLibrary.Tests", "ClassLibrary.Tests\ClassLibrary.Tests.csproj", "{6A0CA7AA-9DEB-4A19-ACF0-844A2A564F1B}"
EndProject
Project("{2150E333-8FDC-42A3-9474-1A3956D46DE8}") = "Solution Items", "Solution Items", "{E2306DA0-9074-492A-BC51-B52AC971709D}"
	ProjectSection(SolutionItems) = preProject
		.github\workflows\build.yml = .github\workflows\build.yml
	EndProjectSection
EndProject
Global
	GlobalSection(SolutionConfigurationPlatforms) = preSolution
		Debug|Any CPU = Debug|Any CPU
		Release|Any CPU = Release|Any CPU
	EndGlobalSection
	GlobalSection(ProjectConfigurationPlatforms) = postSolution
		{4E4FDBA4-D52B-4F79-BC7A-C432D7DFD9CF}.Debug|Any CPU.ActiveCfg = Debug|Any CPU
		{4E4FDBA4-D52B-4F79-BC7A-C432D7DFD9CF}.Debug|Any CPU.Build.0 = Debug|Any CPU
		{4E4FDBA4-D52B-4F79-BC7A-C432D7DFD9CF}.Release|Any CPU.ActiveCfg = Release|Any CPU
		{4E4FDBA4-D52B-4F79-BC7A-C432D7DFD9CF}.Release|Any CPU.Build.0 = Release|Any CPU
		{6A0CA7AA-9DEB-4A19-ACF0-844A2A564F1B}.Debug|Any CPU.ActiveCfg = Debug|Any CPU
		{6A0CA7AA-9DEB-4A19-ACF0-844A2A564F1B}.Debug|Any CPU.Build.0 = Debug|Any CPU
		{6A0CA7AA-9DEB-4A19-ACF0-844A2A564F1B}.Release|Any CPU.ActiveCfg = Release|Any CPU
		{6A0CA7AA-9DEB-4A19-ACF0-844A2A564F1B}.Release|Any CPU.Build.0 = Release|Any CPU
	EndGlobalSection
	GlobalSection(SolutionProperties) = preSolution
		HideSolutionNode = FALSE
	EndGlobalSection
	GlobalSection(ExtensibilityGlobals) = postSolution
		SolutionGuid = {B46D4413-46A8-449C-B8E3-D5DBB557B0FA}
	EndGlobalSection
EndGlobal
